
Microsoft Visual Studio Solution File, Format Version 12.00
# Visual Studio Version 16
VisualStudioVersion = 16.0.28803.352
MinimumVisualStudioVersion = 10.0.40219.1
Project("{9A19103F-16F7-4668-BE54-9A1E7A4F7556}") = "OxyPlot.Wpf", "Core\OxyPlot.Wpf\OxyPlot.Wpf.csproj", "{698CCD8E-ADCC-4565-8517-5EDD36F07155}"
EndProject
Project("{9A19103F-16F7-4668-BE54-9A1E7A4F7556}") = "OxyPlot.Tests", "Core\OxyPlot.Tests\OxyPlot.Tests.csproj", "{E6218B88-69F5-4E3F-9ABC-93AB82FD77AD}"
EndProject
Project("{9A19103F-16F7-4668-BE54-9A1E7A4F7556}") = "OxyPlot", "Core\OxyPlot\OxyPlot.csproj", "{7A0B35C0-DD17-4964-8E9A-44D6CECDC692}"
EndProject
Project("{9A19103F-16F7-4668-BE54-9A1E7A4F7556}") = "OxyPlot.Pdf", "Core\OxyPlot.Pdf\OxyPlot.Pdf.csproj", "{12737C3F-5770-403F-90A1-BC12EBD1BB31}"
EndProject
Project("{9A19103F-16F7-4668-BE54-9A1E7A4F7556}") = "OxyPlot.Wpf.Tests", "Core\OxyPlot.Wpf.Tests\OxyPlot.Wpf.Tests.csproj", "{4ED9A511-669D-47B1-97F5-4FCAFE8EB178}"
EndProject
Project("{9A19103F-16F7-4668-BE54-9A1E7A4F7556}") = "OxyPlot.WindowsForms", "Core\OxyPlot.WindowsForms\OxyPlot.WindowsForms.csproj", "{8BC521AD-81CF-4E6C-8898-BE67527E7064}"
EndProject
Project("{9A19103F-16F7-4668-BE54-9A1E7A4F7556}") = "OxyPlot.Pdf.Tests", "Core\OxyPlot.Pdf.Tests\OxyPlot.Pdf.Tests.csproj", "{FF600107-3DEB-404F-8A37-F63473BDFCB8}"
EndProject
Project("{2150E333-8FDC-42A3-9474-1A3956D46DE8}") = "Tests", "Tests", "{215581EE-098A-488B-91CE-980D94EED5A2}"
EndProject
Project("{9A19103F-16F7-4668-BE54-9A1E7A4F7556}") = "ExampleLibrary", "Core\Examples\ExampleLibrary\ExampleLibrary.csproj", "{FACB89E5-53A5-4748-9F5B-E0714EBB37B2}"
EndProject
Project("{9A19103F-16F7-4668-BE54-9A1E7A4F7556}") = "OxyPlot.Core.Drawing", "Core\OxyPlot.Core.Drawing\OxyPlot.Core.Drawing.csproj", "{AF59603A-B247-4D27-AF1D-074B5CCE90E2}"
EndProject
Project("{9A19103F-16F7-4668-BE54-9A1E7A4F7556}") = "OxyPlot.ImageSharp", "Core\OxyPlot.ImageSharp\OxyPlot.ImageSharp.csproj", "{2EE2570B-4121-4B2A-B8D9-0BC200F345CF}"
EndProject
Project("{9A19103F-16F7-4668-BE54-9A1E7A4F7556}") = "OxyPlot.Xamarin.Forms", "Xamarin\OxyPlot.Xamarin.Forms\OxyPlot.Xamarin.Forms.csproj", "{4A470DCE-7FF9-4953-9ED6-21B904FEA053}"
EndProject
Project("{2150E333-8FDC-42A3-9474-1A3956D46DE8}") = "00.Core", "00.Core", "{8B0A56F0-9461-4B5B-BAD8-FB2D19BF1EE3}"
EndProject
Project("{2150E333-8FDC-42A3-9474-1A3956D46DE8}") = "10.Xamarin", "10.Xamarin", "{05EDF0CC-1A89-4C06-B6D2-DFDA07DF2C7B}"
EndProject
Project("{2150E333-8FDC-42A3-9474-1A3956D46DE8}") = "00.Forms", "00.Forms", "{94863464-69F1-4F1C-8E89-50F835FCE770}"
EndProject
Project("{2150E333-8FDC-42A3-9474-1A3956D46DE8}") = "10.Android", "10.Android", "{B262622A-7620-4DAD-A7E2-0CFA68DA5767}"
EndProject
Project("{FAE04EC0-301F-11D3-BF4B-00C04F79EFBC}") = "OxyPlot.Xamarin.Android", "Xamarin\OxyPlot.Xamarin.Android\OxyPlot.Xamarin.Android.csproj", "{3296D69F-F4B7-44A5-AEB9-7A179E65F8DD}"
EndProject
Project("{FAE04EC0-301F-11D3-BF4B-00C04F79EFBC}") = "OxyPlot.Xamarin.Forms.Platform.Android", "Xamarin\OxyPlot.Xamarin.Forms.Platform.Android\OxyPlot.Xamarin.Forms.Platform.Android.csproj", "{60D23CA9-4AF6-4179-A3F5-6AEBC907337E}"
EndProject
Project("{2150E333-8FDC-42A3-9474-1A3956D46DE8}") = "99.Samples.Apps", "99.Samples.Apps", "{3AC6B2FA-903E-4E87-8F49-741E84672D88}"
EndProject
Project("{FAE04EC0-301F-11D3-BF4B-00C04F79EFBC}") = "OxyPlot.XF.App1.UWP", "SamplesApps\OxyPlot.XF.App1\OxyPlot.XF.App1.UWP\OxyPlot.XF.App1.UWP.csproj", "{40597849-E5DA-470C-9A9A-5CDD408CC676}"
EndProject
Project("{FAE04EC0-301F-11D3-BF4B-00C04F79EFBC}") = "OxyPlot.XF.App1.Android", "SamplesApps\OxyPlot.XF.App1\OxyPlot.XF.App1.Android\OxyPlot.XF.App1.Android.csproj", "{98C15F08-9976-4B1E-A5F8-D6B5B86BAB4D}"
EndProject
Project("{FAE04EC0-301F-11D3-BF4B-00C04F79EFBC}") = "OxyPlot.XF.App1.iOS", "SamplesApps\OxyPlot.XF.App1\OxyPlot.XF.App1.iOS\OxyPlot.XF.App1.iOS.csproj", "{71BB402D-BD3B-435E-81EB-C50FF7D73966}"
EndProject
Project("{FAE04EC0-301F-11D3-BF4B-00C04F79EFBC}") = "OxyPlot.XF.App1", "SamplesApps\OxyPlot.XF.App1\OxyPlot.XF.App1\OxyPlot.XF.App1.csproj", "{BB9D7505-530D-4707-8EE5-D65C28B548F9}"
EndProject
Project("{2150E333-8FDC-42A3-9474-1A3956D46DE8}") = "20.UWP", "20.UWP", "{6F9FAC9C-73BE-4F3E-934F-0EC32AF19DF2}"
EndProject
Project("{FAE04EC0-301F-11D3-BF4B-00C04F79EFBC}") = "OxyPlot.Xamarin.Forms.Platform.UWP", "Xamarin\OxyPlot.Xamarin.Forms.Platform.UWP\OxyPlot.Xamarin.Forms.Platform.UWP.csproj", "{DF37BC48-3A9F-4D90-BA38-70F8C22BCA7B}"
EndProject
Project("{2150E333-8FDC-42A3-9474-1A3956D46DE8}") = "15.iOS", "15.iOS", "{DB4EDF10-4EB3-4F37-8E78-C36F6273995B}"
EndProject
Project("{FAE04EC0-301F-11D3-BF4B-00C04F79EFBC}") = "OxyPlot.Xamarin.Forms.Platform.iOS", "Xamarin\OxyPlot.Xamarin.Forms.Platform.iOS\OxyPlot.Xamarin.Forms.Platform.iOS.csproj", "{64F4DC0C-2BFE-4C22-B9D1-B04566C2314C}"
EndProject
Project("{FAE04EC0-301F-11D3-BF4B-00C04F79EFBC}") = "OxyPlot.Xamarin.iOS", "Xamarin\OxyPlot.Xamarin.iOS\OxyPlot.Xamarin.iOS.csproj", "{191ABC81-B335-44D7-BE0D-3C5E9196FA8B}"
EndProject
Project("{9A19103F-16F7-4668-BE54-9A1E7A4F7556}") = "OxyPlot.Xamarin.UWP", "Xamarin\OxyPlot.Xamarin.UWP\OxyPlot.Xamarin.UWP.csproj", "{F6DB1E45-3BCC-4B66-9990-187EF9E5104B}"
EndProject
Global
	GlobalSection(SolutionConfigurationPlatforms) = preSolution
		Debug|Any CPU = Debug|Any CPU
		Debug|ARM = Debug|ARM
		Debug|iPhone = Debug|iPhone
		Debug|iPhoneSimulator = Debug|iPhoneSimulator
		Debug|x64 = Debug|x64
		Debug|x86 = Debug|x86
		Release|Any CPU = Release|Any CPU
		Release|ARM = Release|ARM
		Release|iPhone = Release|iPhone
		Release|iPhoneSimulator = Release|iPhoneSimulator
		Release|x64 = Release|x64
		Release|x86 = Release|x86
	EndGlobalSection
	GlobalSection(ProjectConfigurationPlatforms) = postSolution
		{698CCD8E-ADCC-4565-8517-5EDD36F07155}.Debug|Any CPU.ActiveCfg = Debug|Any CPU
		{698CCD8E-ADCC-4565-8517-5EDD36F07155}.Debug|Any CPU.Build.0 = Debug|Any CPU
		{698CCD8E-ADCC-4565-8517-5EDD36F07155}.Debug|ARM.ActiveCfg = Debug|Any CPU
		{698CCD8E-ADCC-4565-8517-5EDD36F07155}.Debug|ARM.Build.0 = Debug|Any CPU
		{698CCD8E-ADCC-4565-8517-5EDD36F07155}.Debug|iPhone.ActiveCfg = Debug|Any CPU
		{698CCD8E-ADCC-4565-8517-5EDD36F07155}.Debug|iPhoneSimulator.ActiveCfg = Debug|Any CPU
		{698CCD8E-ADCC-4565-8517-5EDD36F07155}.Debug|x64.ActiveCfg = Debug|Any CPU
		{698CCD8E-ADCC-4565-8517-5EDD36F07155}.Debug|x64.Build.0 = Debug|Any CPU
		{698CCD8E-ADCC-4565-8517-5EDD36F07155}.Debug|x86.ActiveCfg = Debug|Any CPU
		{698CCD8E-ADCC-4565-8517-5EDD36F07155}.Debug|x86.Build.0 = Debug|Any CPU
		{698CCD8E-ADCC-4565-8517-5EDD36F07155}.Release|Any CPU.ActiveCfg = Release|Any CPU
		{698CCD8E-ADCC-4565-8517-5EDD36F07155}.Release|Any CPU.Build.0 = Release|Any CPU
		{698CCD8E-ADCC-4565-8517-5EDD36F07155}.Release|ARM.ActiveCfg = Release|Any CPU
		{698CCD8E-ADCC-4565-8517-5EDD36F07155}.Release|iPhone.ActiveCfg = Release|Any CPU
		{698CCD8E-ADCC-4565-8517-5EDD36F07155}.Release|iPhoneSimulator.ActiveCfg = Release|Any CPU
		{698CCD8E-ADCC-4565-8517-5EDD36F07155}.Release|x64.ActiveCfg = Release|Any CPU
		{698CCD8E-ADCC-4565-8517-5EDD36F07155}.Release|x86.ActiveCfg = Release|Any CPU
		{E6218B88-69F5-4E3F-9ABC-93AB82FD77AD}.Debug|Any CPU.ActiveCfg = Debug|Any CPU
		{E6218B88-69F5-4E3F-9ABC-93AB82FD77AD}.Debug|Any CPU.Build.0 = Debug|Any CPU
		{E6218B88-69F5-4E3F-9ABC-93AB82FD77AD}.Debug|ARM.ActiveCfg = Debug|Any CPU
		{E6218B88-69F5-4E3F-9ABC-93AB82FD77AD}.Debug|ARM.Build.0 = Debug|Any CPU
		{E6218B88-69F5-4E3F-9ABC-93AB82FD77AD}.Debug|iPhone.ActiveCfg = Debug|Any CPU
		{E6218B88-69F5-4E3F-9ABC-93AB82FD77AD}.Debug|iPhoneSimulator.ActiveCfg = Debug|Any CPU
		{E6218B88-69F5-4E3F-9ABC-93AB82FD77AD}.Debug|x64.ActiveCfg = Debug|Any CPU
		{E6218B88-69F5-4E3F-9ABC-93AB82FD77AD}.Debug|x64.Build.0 = Debug|Any CPU
		{E6218B88-69F5-4E3F-9ABC-93AB82FD77AD}.Debug|x86.ActiveCfg = Debug|Any CPU
		{E6218B88-69F5-4E3F-9ABC-93AB82FD77AD}.Debug|x86.Build.0 = Debug|Any CPU
		{E6218B88-69F5-4E3F-9ABC-93AB82FD77AD}.Release|Any CPU.ActiveCfg = Release|Any CPU
		{E6218B88-69F5-4E3F-9ABC-93AB82FD77AD}.Release|Any CPU.Build.0 = Release|Any CPU
		{E6218B88-69F5-4E3F-9ABC-93AB82FD77AD}.Release|ARM.ActiveCfg = Release|Any CPU
		{E6218B88-69F5-4E3F-9ABC-93AB82FD77AD}.Release|iPhone.ActiveCfg = Release|Any CPU
		{E6218B88-69F5-4E3F-9ABC-93AB82FD77AD}.Release|iPhoneSimulator.ActiveCfg = Release|Any CPU
		{E6218B88-69F5-4E3F-9ABC-93AB82FD77AD}.Release|x64.ActiveCfg = Release|Any CPU
		{E6218B88-69F5-4E3F-9ABC-93AB82FD77AD}.Release|x86.ActiveCfg = Release|Any CPU
		{7A0B35C0-DD17-4964-8E9A-44D6CECDC692}.Debug|Any CPU.ActiveCfg = Debug|Any CPU
		{7A0B35C0-DD17-4964-8E9A-44D6CECDC692}.Debug|Any CPU.Build.0 = Debug|Any CPU
		{7A0B35C0-DD17-4964-8E9A-44D6CECDC692}.Debug|ARM.ActiveCfg = Debug|Any CPU
		{7A0B35C0-DD17-4964-8E9A-44D6CECDC692}.Debug|ARM.Build.0 = Debug|Any CPU
		{7A0B35C0-DD17-4964-8E9A-44D6CECDC692}.Debug|iPhone.ActiveCfg = Debug|Any CPU
		{7A0B35C0-DD17-4964-8E9A-44D6CECDC692}.Debug|iPhoneSimulator.ActiveCfg = Debug|Any CPU
		{7A0B35C0-DD17-4964-8E9A-44D6CECDC692}.Debug|x64.ActiveCfg = Debug|Any CPU
		{7A0B35C0-DD17-4964-8E9A-44D6CECDC692}.Debug|x64.Build.0 = Debug|Any CPU
		{7A0B35C0-DD17-4964-8E9A-44D6CECDC692}.Debug|x86.ActiveCfg = Debug|Any CPU
		{7A0B35C0-DD17-4964-8E9A-44D6CECDC692}.Debug|x86.Build.0 = Debug|Any CPU
		{7A0B35C0-DD17-4964-8E9A-44D6CECDC692}.Release|Any CPU.ActiveCfg = Release|Any CPU
		{7A0B35C0-DD17-4964-8E9A-44D6CECDC692}.Release|Any CPU.Build.0 = Release|Any CPU
		{7A0B35C0-DD17-4964-8E9A-44D6CECDC692}.Release|ARM.ActiveCfg = Release|Any CPU
		{7A0B35C0-DD17-4964-8E9A-44D6CECDC692}.Release|ARM.Build.0 = Release|Any CPU
		{7A0B35C0-DD17-4964-8E9A-44D6CECDC692}.Release|iPhone.ActiveCfg = Release|Any CPU
		{7A0B35C0-DD17-4964-8E9A-44D6CECDC692}.Release|iPhoneSimulator.ActiveCfg = Release|Any CPU
		{7A0B35C0-DD17-4964-8E9A-44D6CECDC692}.Release|x64.ActiveCfg = Release|Any CPU
		{7A0B35C0-DD17-4964-8E9A-44D6CECDC692}.Release|x64.Build.0 = Release|Any CPU
		{7A0B35C0-DD17-4964-8E9A-44D6CECDC692}.Release|x86.ActiveCfg = Release|Any CPU
		{7A0B35C0-DD17-4964-8E9A-44D6CECDC692}.Release|x86.Build.0 = Release|Any CPU
		{12737C3F-5770-403F-90A1-BC12EBD1BB31}.Debug|Any CPU.ActiveCfg = Debug|Any CPU
		{12737C3F-5770-403F-90A1-BC12EBD1BB31}.Debug|Any CPU.Build.0 = Debug|Any CPU
		{12737C3F-5770-403F-90A1-BC12EBD1BB31}.Debug|ARM.ActiveCfg = Debug|Any CPU
		{12737C3F-5770-403F-90A1-BC12EBD1BB31}.Debug|ARM.Build.0 = Debug|Any CPU
		{12737C3F-5770-403F-90A1-BC12EBD1BB31}.Debug|iPhone.ActiveCfg = Debug|Any CPU
		{12737C3F-5770-403F-90A1-BC12EBD1BB31}.Debug|iPhoneSimulator.ActiveCfg = Debug|Any CPU
		{12737C3F-5770-403F-90A1-BC12EBD1BB31}.Debug|x64.ActiveCfg = Debug|Any CPU
		{12737C3F-5770-403F-90A1-BC12EBD1BB31}.Debug|x64.Build.0 = Debug|Any CPU
		{12737C3F-5770-403F-90A1-BC12EBD1BB31}.Debug|x86.ActiveCfg = Debug|Any CPU
		{12737C3F-5770-403F-90A1-BC12EBD1BB31}.Debug|x86.Build.0 = Debug|Any CPU
		{12737C3F-5770-403F-90A1-BC12EBD1BB31}.Release|Any CPU.ActiveCfg = Release|Any CPU
		{12737C3F-5770-403F-90A1-BC12EBD1BB31}.Release|Any CPU.Build.0 = Release|Any CPU
		{12737C3F-5770-403F-90A1-BC12EBD1BB31}.Release|ARM.ActiveCfg = Release|Any CPU
		{12737C3F-5770-403F-90A1-BC12EBD1BB31}.Release|iPhone.ActiveCfg = Release|Any CPU
		{12737C3F-5770-403F-90A1-BC12EBD1BB31}.Release|iPhoneSimulator.ActiveCfg = Release|Any CPU
		{12737C3F-5770-403F-90A1-BC12EBD1BB31}.Release|x64.ActiveCfg = Release|Any CPU
		{12737C3F-5770-403F-90A1-BC12EBD1BB31}.Release|x86.ActiveCfg = Release|Any CPU
		{4ED9A511-669D-47B1-97F5-4FCAFE8EB178}.Debug|Any CPU.ActiveCfg = Debug|Any CPU
		{4ED9A511-669D-47B1-97F5-4FCAFE8EB178}.Debug|Any CPU.Build.0 = Debug|Any CPU
		{4ED9A511-669D-47B1-97F5-4FCAFE8EB178}.Debug|ARM.ActiveCfg = Debug|Any CPU
		{4ED9A511-669D-47B1-97F5-4FCAFE8EB178}.Debug|ARM.Build.0 = Debug|Any CPU
		{4ED9A511-669D-47B1-97F5-4FCAFE8EB178}.Debug|iPhone.ActiveCfg = Debug|Any CPU
		{4ED9A511-669D-47B1-97F5-4FCAFE8EB178}.Debug|iPhoneSimulator.ActiveCfg = Debug|Any CPU
		{4ED9A511-669D-47B1-97F5-4FCAFE8EB178}.Debug|x64.ActiveCfg = Debug|Any CPU
		{4ED9A511-669D-47B1-97F5-4FCAFE8EB178}.Debug|x64.Build.0 = Debug|Any CPU
		{4ED9A511-669D-47B1-97F5-4FCAFE8EB178}.Debug|x86.ActiveCfg = Debug|Any CPU
		{4ED9A511-669D-47B1-97F5-4FCAFE8EB178}.Debug|x86.Build.0 = Debug|Any CPU
		{4ED9A511-669D-47B1-97F5-4FCAFE8EB178}.Release|Any CPU.ActiveCfg = Release|Any CPU
		{4ED9A511-669D-47B1-97F5-4FCAFE8EB178}.Release|Any CPU.Build.0 = Release|Any CPU
		{4ED9A511-669D-47B1-97F5-4FCAFE8EB178}.Release|ARM.ActiveCfg = Release|Any CPU
		{4ED9A511-669D-47B1-97F5-4FCAFE8EB178}.Release|iPhone.ActiveCfg = Release|Any CPU
		{4ED9A511-669D-47B1-97F5-4FCAFE8EB178}.Release|iPhoneSimulator.ActiveCfg = Release|Any CPU
		{4ED9A511-669D-47B1-97F5-4FCAFE8EB178}.Release|x64.ActiveCfg = Release|Any CPU
		{4ED9A511-669D-47B1-97F5-4FCAFE8EB178}.Release|x86.ActiveCfg = Release|Any CPU
		{8BC521AD-81CF-4E6C-8898-BE67527E7064}.Debug|Any CPU.ActiveCfg = Debug|Any CPU
		{8BC521AD-81CF-4E6C-8898-BE67527E7064}.Debug|Any CPU.Build.0 = Debug|Any CPU
		{8BC521AD-81CF-4E6C-8898-BE67527E7064}.Debug|ARM.ActiveCfg = Debug|Any CPU
		{8BC521AD-81CF-4E6C-8898-BE67527E7064}.Debug|ARM.Build.0 = Debug|Any CPU
		{8BC521AD-81CF-4E6C-8898-BE67527E7064}.Debug|iPhone.ActiveCfg = Debug|Any CPU
		{8BC521AD-81CF-4E6C-8898-BE67527E7064}.Debug|iPhoneSimulator.ActiveCfg = Debug|Any CPU
		{8BC521AD-81CF-4E6C-8898-BE67527E7064}.Debug|x64.ActiveCfg = Debug|Any CPU
		{8BC521AD-81CF-4E6C-8898-BE67527E7064}.Debug|x64.Build.0 = Debug|Any CPU
		{8BC521AD-81CF-4E6C-8898-BE67527E7064}.Debug|x86.ActiveCfg = Debug|Any CPU
		{8BC521AD-81CF-4E6C-8898-BE67527E7064}.Debug|x86.Build.0 = Debug|Any CPU
		{8BC521AD-81CF-4E6C-8898-BE67527E7064}.Release|Any CPU.ActiveCfg = Release|Any CPU
		{8BC521AD-81CF-4E6C-8898-BE67527E7064}.Release|Any CPU.Build.0 = Release|Any CPU
		{8BC521AD-81CF-4E6C-8898-BE67527E7064}.Release|ARM.ActiveCfg = Release|Any CPU
		{8BC521AD-81CF-4E6C-8898-BE67527E7064}.Release|iPhone.ActiveCfg = Release|Any CPU
		{8BC521AD-81CF-4E6C-8898-BE67527E7064}.Release|iPhoneSimulator.ActiveCfg = Release|Any CPU
		{8BC521AD-81CF-4E6C-8898-BE67527E7064}.Release|x64.ActiveCfg = Release|Any CPU
		{8BC521AD-81CF-4E6C-8898-BE67527E7064}.Release|x86.ActiveCfg = Release|Any CPU
		{FF600107-3DEB-404F-8A37-F63473BDFCB8}.Debug|Any CPU.ActiveCfg = Debug|Any CPU
		{FF600107-3DEB-404F-8A37-F63473BDFCB8}.Debug|Any CPU.Build.0 = Debug|Any CPU
		{FF600107-3DEB-404F-8A37-F63473BDFCB8}.Debug|ARM.ActiveCfg = Debug|Any CPU
		{FF600107-3DEB-404F-8A37-F63473BDFCB8}.Debug|ARM.Build.0 = Debug|Any CPU
		{FF600107-3DEB-404F-8A37-F63473BDFCB8}.Debug|iPhone.ActiveCfg = Debug|Any CPU
		{FF600107-3DEB-404F-8A37-F63473BDFCB8}.Debug|iPhoneSimulator.ActiveCfg = Debug|Any CPU
		{FF600107-3DEB-404F-8A37-F63473BDFCB8}.Debug|x64.ActiveCfg = Debug|Any CPU
		{FF600107-3DEB-404F-8A37-F63473BDFCB8}.Debug|x64.Build.0 = Debug|Any CPU
		{FF600107-3DEB-404F-8A37-F63473BDFCB8}.Debug|x86.ActiveCfg = Debug|Any CPU
		{FF600107-3DEB-404F-8A37-F63473BDFCB8}.Debug|x86.Build.0 = Debug|Any CPU
		{FF600107-3DEB-404F-8A37-F63473BDFCB8}.Release|Any CPU.ActiveCfg = Release|Any CPU
		{FF600107-3DEB-404F-8A37-F63473BDFCB8}.Release|Any CPU.Build.0 = Release|Any CPU
		{FF600107-3DEB-404F-8A37-F63473BDFCB8}.Release|ARM.ActiveCfg = Release|Any CPU
		{FF600107-3DEB-404F-8A37-F63473BDFCB8}.Release|iPhone.ActiveCfg = Release|Any CPU
		{FF600107-3DEB-404F-8A37-F63473BDFCB8}.Release|iPhoneSimulator.ActiveCfg = Release|Any CPU
		{FF600107-3DEB-404F-8A37-F63473BDFCB8}.Release|x64.ActiveCfg = Release|Any CPU
		{FF600107-3DEB-404F-8A37-F63473BDFCB8}.Release|x86.ActiveCfg = Release|Any CPU
		{FACB89E5-53A5-4748-9F5B-E0714EBB37B2}.Debug|Any CPU.ActiveCfg = Debug|Any CPU
		{FACB89E5-53A5-4748-9F5B-E0714EBB37B2}.Debug|Any CPU.Build.0 = Debug|Any CPU
		{FACB89E5-53A5-4748-9F5B-E0714EBB37B2}.Debug|ARM.ActiveCfg = Debug|Any CPU
		{FACB89E5-53A5-4748-9F5B-E0714EBB37B2}.Debug|ARM.Build.0 = Debug|Any CPU
		{FACB89E5-53A5-4748-9F5B-E0714EBB37B2}.Debug|iPhone.ActiveCfg = Debug|Any CPU
		{FACB89E5-53A5-4748-9F5B-E0714EBB37B2}.Debug|iPhoneSimulator.ActiveCfg = Debug|Any CPU
		{FACB89E5-53A5-4748-9F5B-E0714EBB37B2}.Debug|x64.ActiveCfg = Debug|Any CPU
		{FACB89E5-53A5-4748-9F5B-E0714EBB37B2}.Debug|x64.Build.0 = Debug|Any CPU
		{FACB89E5-53A5-4748-9F5B-E0714EBB37B2}.Debug|x86.ActiveCfg = Debug|Any CPU
		{FACB89E5-53A5-4748-9F5B-E0714EBB37B2}.Debug|x86.Build.0 = Debug|Any CPU
		{FACB89E5-53A5-4748-9F5B-E0714EBB37B2}.Release|Any CPU.ActiveCfg = Release|Any CPU
		{FACB89E5-53A5-4748-9F5B-E0714EBB37B2}.Release|Any CPU.Build.0 = Release|Any CPU
		{FACB89E5-53A5-4748-9F5B-E0714EBB37B2}.Release|ARM.ActiveCfg = Release|Any CPU
		{FACB89E5-53A5-4748-9F5B-E0714EBB37B2}.Release|iPhone.ActiveCfg = Release|Any CPU
		{FACB89E5-53A5-4748-9F5B-E0714EBB37B2}.Release|iPhoneSimulator.ActiveCfg = Release|Any CPU
		{FACB89E5-53A5-4748-9F5B-E0714EBB37B2}.Release|x64.ActiveCfg = Release|Any CPU
		{FACB89E5-53A5-4748-9F5B-E0714EBB37B2}.Release|x86.ActiveCfg = Release|Any CPU
		{AF59603A-B247-4D27-AF1D-074B5CCE90E2}.Debug|Any CPU.ActiveCfg = Debug|Any CPU
		{AF59603A-B247-4D27-AF1D-074B5CCE90E2}.Debug|Any CPU.Build.0 = Debug|Any CPU
		{AF59603A-B247-4D27-AF1D-074B5CCE90E2}.Debug|ARM.ActiveCfg = Debug|Any CPU
		{AF59603A-B247-4D27-AF1D-074B5CCE90E2}.Debug|ARM.Build.0 = Debug|Any CPU
		{AF59603A-B247-4D27-AF1D-074B5CCE90E2}.Debug|iPhone.ActiveCfg = Debug|Any CPU
		{AF59603A-B247-4D27-AF1D-074B5CCE90E2}.Debug|iPhone.Build.0 = Debug|Any CPU
		{AF59603A-B247-4D27-AF1D-074B5CCE90E2}.Debug|iPhoneSimulator.ActiveCfg = Debug|Any CPU
		{AF59603A-B247-4D27-AF1D-074B5CCE90E2}.Debug|iPhoneSimulator.Build.0 = Debug|Any CPU
		{AF59603A-B247-4D27-AF1D-074B5CCE90E2}.Debug|x64.ActiveCfg = Debug|Any CPU
		{AF59603A-B247-4D27-AF1D-074B5CCE90E2}.Debug|x64.Build.0 = Debug|Any CPU
		{AF59603A-B247-4D27-AF1D-074B5CCE90E2}.Debug|x86.ActiveCfg = Debug|Any CPU
		{AF59603A-B247-4D27-AF1D-074B5CCE90E2}.Debug|x86.Build.0 = Debug|Any CPU
		{AF59603A-B247-4D27-AF1D-074B5CCE90E2}.Release|Any CPU.ActiveCfg = Release|Any CPU
		{AF59603A-B247-4D27-AF1D-074B5CCE90E2}.Release|Any CPU.Build.0 = Release|Any CPU
		{AF59603A-B247-4D27-AF1D-074B5CCE90E2}.Release|ARM.ActiveCfg = Release|Any CPU
		{AF59603A-B247-4D27-AF1D-074B5CCE90E2}.Release|ARM.Build.0 = Release|Any CPU
		{AF59603A-B247-4D27-AF1D-074B5CCE90E2}.Release|iPhone.ActiveCfg = Release|Any CPU
		{AF59603A-B247-4D27-AF1D-074B5CCE90E2}.Release|iPhone.Build.0 = Release|Any CPU
		{AF59603A-B247-4D27-AF1D-074B5CCE90E2}.Release|iPhoneSimulator.ActiveCfg = Release|Any CPU
		{AF59603A-B247-4D27-AF1D-074B5CCE90E2}.Release|iPhoneSimulator.Build.0 = Release|Any CPU
		{AF59603A-B247-4D27-AF1D-074B5CCE90E2}.Release|x64.ActiveCfg = Release|Any CPU
		{AF59603A-B247-4D27-AF1D-074B5CCE90E2}.Release|x64.Build.0 = Release|Any CPU
		{AF59603A-B247-4D27-AF1D-074B5CCE90E2}.Release|x86.ActiveCfg = Release|Any CPU
		{AF59603A-B247-4D27-AF1D-074B5CCE90E2}.Release|x86.Build.0 = Release|Any CPU
		{2EE2570B-4121-4B2A-B8D9-0BC200F345CF}.Debug|Any CPU.ActiveCfg = Debug|Any CPU
		{2EE2570B-4121-4B2A-B8D9-0BC200F345CF}.Debug|Any CPU.Build.0 = Debug|Any CPU
		{2EE2570B-4121-4B2A-B8D9-0BC200F345CF}.Debug|ARM.ActiveCfg = Debug|Any CPU
		{2EE2570B-4121-4B2A-B8D9-0BC200F345CF}.Debug|ARM.Build.0 = Debug|Any CPU
		{2EE2570B-4121-4B2A-B8D9-0BC200F345CF}.Debug|iPhone.ActiveCfg = Debug|Any CPU
		{2EE2570B-4121-4B2A-B8D9-0BC200F345CF}.Debug|iPhone.Build.0 = Debug|Any CPU
		{2EE2570B-4121-4B2A-B8D9-0BC200F345CF}.Debug|iPhoneSimulator.ActiveCfg = Debug|Any CPU
		{2EE2570B-4121-4B2A-B8D9-0BC200F345CF}.Debug|iPhoneSimulator.Build.0 = Debug|Any CPU
		{2EE2570B-4121-4B2A-B8D9-0BC200F345CF}.Debug|x64.ActiveCfg = Debug|Any CPU
		{2EE2570B-4121-4B2A-B8D9-0BC200F345CF}.Debug|x64.Build.0 = Debug|Any CPU
		{2EE2570B-4121-4B2A-B8D9-0BC200F345CF}.Debug|x86.ActiveCfg = Debug|Any CPU
		{2EE2570B-4121-4B2A-B8D9-0BC200F345CF}.Debug|x86.Build.0 = Debug|Any CPU
		{2EE2570B-4121-4B2A-B8D9-0BC200F345CF}.Release|Any CPU.ActiveCfg = Release|Any CPU
		{2EE2570B-4121-4B2A-B8D9-0BC200F345CF}.Release|Any CPU.Build.0 = Release|Any CPU
		{2EE2570B-4121-4B2A-B8D9-0BC200F345CF}.Release|ARM.ActiveCfg = Release|Any CPU
		{2EE2570B-4121-4B2A-B8D9-0BC200F345CF}.Release|ARM.Build.0 = Release|Any CPU
		{2EE2570B-4121-4B2A-B8D9-0BC200F345CF}.Release|iPhone.ActiveCfg = Release|Any CPU
		{2EE2570B-4121-4B2A-B8D9-0BC200F345CF}.Release|iPhone.Build.0 = Release|Any CPU
		{2EE2570B-4121-4B2A-B8D9-0BC200F345CF}.Release|iPhoneSimulator.ActiveCfg = Release|Any CPU
		{2EE2570B-4121-4B2A-B8D9-0BC200F345CF}.Release|iPhoneSimulator.Build.0 = Release|Any CPU
		{2EE2570B-4121-4B2A-B8D9-0BC200F345CF}.Release|x64.ActiveCfg = Release|Any CPU
		{2EE2570B-4121-4B2A-B8D9-0BC200F345CF}.Release|x64.Build.0 = Release|Any CPU
		{2EE2570B-4121-4B2A-B8D9-0BC200F345CF}.Release|x86.ActiveCfg = Release|Any CPU
		{2EE2570B-4121-4B2A-B8D9-0BC200F345CF}.Release|x86.Build.0 = Release|Any CPU
		{4A470DCE-7FF9-4953-9ED6-21B904FEA053}.Debug|Any CPU.ActiveCfg = Debug|Any CPU
		{4A470DCE-7FF9-4953-9ED6-21B904FEA053}.Debug|Any CPU.Build.0 = Debug|Any CPU
		{4A470DCE-7FF9-4953-9ED6-21B904FEA053}.Debug|ARM.ActiveCfg = Debug|Any CPU
		{4A470DCE-7FF9-4953-9ED6-21B904FEA053}.Debug|ARM.Build.0 = Debug|Any CPU
		{4A470DCE-7FF9-4953-9ED6-21B904FEA053}.Debug|iPhone.ActiveCfg = Debug|Any CPU
		{4A470DCE-7FF9-4953-9ED6-21B904FEA053}.Debug|iPhone.Build.0 = Debug|Any CPU
		{4A470DCE-7FF9-4953-9ED6-21B904FEA053}.Debug|iPhoneSimulator.ActiveCfg = Debug|Any CPU
		{4A470DCE-7FF9-4953-9ED6-21B904FEA053}.Debug|iPhoneSimulator.Build.0 = Debug|Any CPU
		{4A470DCE-7FF9-4953-9ED6-21B904FEA053}.Debug|x64.ActiveCfg = Debug|Any CPU
		{4A470DCE-7FF9-4953-9ED6-21B904FEA053}.Debug|x64.Build.0 = Debug|Any CPU
		{4A470DCE-7FF9-4953-9ED6-21B904FEA053}.Debug|x86.ActiveCfg = Debug|Any CPU
		{4A470DCE-7FF9-4953-9ED6-21B904FEA053}.Debug|x86.Build.0 = Debug|Any CPU
		{4A470DCE-7FF9-4953-9ED6-21B904FEA053}.Release|Any CPU.ActiveCfg = Release|Any CPU
		{4A470DCE-7FF9-4953-9ED6-21B904FEA053}.Release|Any CPU.Build.0 = Release|Any CPU
		{4A470DCE-7FF9-4953-9ED6-21B904FEA053}.Release|ARM.ActiveCfg = Release|Any CPU
		{4A470DCE-7FF9-4953-9ED6-21B904FEA053}.Release|ARM.Build.0 = Release|Any CPU
		{4A470DCE-7FF9-4953-9ED6-21B904FEA053}.Release|iPhone.ActiveCfg = Release|Any CPU
		{4A470DCE-7FF9-4953-9ED6-21B904FEA053}.Release|iPhone.Build.0 = Release|Any CPU
		{4A470DCE-7FF9-4953-9ED6-21B904FEA053}.Release|iPhoneSimulator.ActiveCfg = Release|Any CPU
		{4A470DCE-7FF9-4953-9ED6-21B904FEA053}.Release|iPhoneSimulator.Build.0 = Release|Any CPU
		{4A470DCE-7FF9-4953-9ED6-21B904FEA053}.Release|x64.ActiveCfg = Release|Any CPU
		{4A470DCE-7FF9-4953-9ED6-21B904FEA053}.Release|x64.Build.0 = Release|Any CPU
		{4A470DCE-7FF9-4953-9ED6-21B904FEA053}.Release|x86.ActiveCfg = Release|Any CPU
		{4A470DCE-7FF9-4953-9ED6-21B904FEA053}.Release|x86.Build.0 = Release|Any CPU
		{3296D69F-F4B7-44A5-AEB9-7A179E65F8DD}.Debug|Any CPU.ActiveCfg = Debug|Any CPU
		{3296D69F-F4B7-44A5-AEB9-7A179E65F8DD}.Debug|Any CPU.Build.0 = Debug|Any CPU
		{3296D69F-F4B7-44A5-AEB9-7A179E65F8DD}.Debug|ARM.ActiveCfg = Debug|Any CPU
		{3296D69F-F4B7-44A5-AEB9-7A179E65F8DD}.Debug|ARM.Build.0 = Debug|Any CPU
		{3296D69F-F4B7-44A5-AEB9-7A179E65F8DD}.Debug|iPhone.ActiveCfg = Debug|Any CPU
		{3296D69F-F4B7-44A5-AEB9-7A179E65F8DD}.Debug|iPhone.Build.0 = Debug|Any CPU
		{3296D69F-F4B7-44A5-AEB9-7A179E65F8DD}.Debug|iPhoneSimulator.ActiveCfg = Debug|Any CPU
		{3296D69F-F4B7-44A5-AEB9-7A179E65F8DD}.Debug|iPhoneSimulator.Build.0 = Debug|Any CPU
		{3296D69F-F4B7-44A5-AEB9-7A179E65F8DD}.Debug|x64.ActiveCfg = Debug|Any CPU
		{3296D69F-F4B7-44A5-AEB9-7A179E65F8DD}.Debug|x64.Build.0 = Debug|Any CPU
		{3296D69F-F4B7-44A5-AEB9-7A179E65F8DD}.Debug|x86.ActiveCfg = Debug|Any CPU
		{3296D69F-F4B7-44A5-AEB9-7A179E65F8DD}.Debug|x86.Build.0 = Debug|Any CPU
		{3296D69F-F4B7-44A5-AEB9-7A179E65F8DD}.Release|Any CPU.ActiveCfg = Release|Any CPU
		{3296D69F-F4B7-44A5-AEB9-7A179E65F8DD}.Release|Any CPU.Build.0 = Release|Any CPU
		{3296D69F-F4B7-44A5-AEB9-7A179E65F8DD}.Release|ARM.ActiveCfg = Release|Any CPU
		{3296D69F-F4B7-44A5-AEB9-7A179E65F8DD}.Release|ARM.Build.0 = Release|Any CPU
		{3296D69F-F4B7-44A5-AEB9-7A179E65F8DD}.Release|iPhone.ActiveCfg = Release|Any CPU
		{3296D69F-F4B7-44A5-AEB9-7A179E65F8DD}.Release|iPhone.Build.0 = Release|Any CPU
		{3296D69F-F4B7-44A5-AEB9-7A179E65F8DD}.Release|iPhoneSimulator.ActiveCfg = Release|Any CPU
		{3296D69F-F4B7-44A5-AEB9-7A179E65F8DD}.Release|iPhoneSimulator.Build.0 = Release|Any CPU
		{3296D69F-F4B7-44A5-AEB9-7A179E65F8DD}.Release|x64.ActiveCfg = Release|Any CPU
		{3296D69F-F4B7-44A5-AEB9-7A179E65F8DD}.Release|x64.Build.0 = Release|Any CPU
		{3296D69F-F4B7-44A5-AEB9-7A179E65F8DD}.Release|x86.ActiveCfg = Release|Any CPU
		{3296D69F-F4B7-44A5-AEB9-7A179E65F8DD}.Release|x86.Build.0 = Release|Any CPU
		{60D23CA9-4AF6-4179-A3F5-6AEBC907337E}.Debug|Any CPU.ActiveCfg = Debug|Any CPU
		{60D23CA9-4AF6-4179-A3F5-6AEBC907337E}.Debug|Any CPU.Build.0 = Debug|Any CPU
		{60D23CA9-4AF6-4179-A3F5-6AEBC907337E}.Debug|ARM.ActiveCfg = Debug|Any CPU
		{60D23CA9-4AF6-4179-A3F5-6AEBC907337E}.Debug|ARM.Build.0 = Debug|Any CPU
		{60D23CA9-4AF6-4179-A3F5-6AEBC907337E}.Debug|iPhone.ActiveCfg = Debug|Any CPU
		{60D23CA9-4AF6-4179-A3F5-6AEBC907337E}.Debug|iPhone.Build.0 = Debug|Any CPU
		{60D23CA9-4AF6-4179-A3F5-6AEBC907337E}.Debug|iPhoneSimulator.ActiveCfg = Debug|Any CPU
		{60D23CA9-4AF6-4179-A3F5-6AEBC907337E}.Debug|iPhoneSimulator.Build.0 = Debug|Any CPU
		{60D23CA9-4AF6-4179-A3F5-6AEBC907337E}.Debug|x64.ActiveCfg = Debug|Any CPU
		{60D23CA9-4AF6-4179-A3F5-6AEBC907337E}.Debug|x64.Build.0 = Debug|Any CPU
		{60D23CA9-4AF6-4179-A3F5-6AEBC907337E}.Debug|x86.ActiveCfg = Debug|Any CPU
		{60D23CA9-4AF6-4179-A3F5-6AEBC907337E}.Debug|x86.Build.0 = Debug|Any CPU
		{60D23CA9-4AF6-4179-A3F5-6AEBC907337E}.Release|Any CPU.ActiveCfg = Release|Any CPU
		{60D23CA9-4AF6-4179-A3F5-6AEBC907337E}.Release|Any CPU.Build.0 = Release|Any CPU
		{60D23CA9-4AF6-4179-A3F5-6AEBC907337E}.Release|ARM.ActiveCfg = Release|Any CPU
		{60D23CA9-4AF6-4179-A3F5-6AEBC907337E}.Release|ARM.Build.0 = Release|Any CPU
		{60D23CA9-4AF6-4179-A3F5-6AEBC907337E}.Release|iPhone.ActiveCfg = Release|Any CPU
		{60D23CA9-4AF6-4179-A3F5-6AEBC907337E}.Release|iPhone.Build.0 = Release|Any CPU
		{60D23CA9-4AF6-4179-A3F5-6AEBC907337E}.Release|iPhoneSimulator.ActiveCfg = Release|Any CPU
		{60D23CA9-4AF6-4179-A3F5-6AEBC907337E}.Release|iPhoneSimulator.Build.0 = Release|Any CPU
		{60D23CA9-4AF6-4179-A3F5-6AEBC907337E}.Release|x64.ActiveCfg = Release|Any CPU
		{60D23CA9-4AF6-4179-A3F5-6AEBC907337E}.Release|x64.Build.0 = Release|Any CPU
		{60D23CA9-4AF6-4179-A3F5-6AEBC907337E}.Release|x86.ActiveCfg = Release|Any CPU
		{60D23CA9-4AF6-4179-A3F5-6AEBC907337E}.Release|x86.Build.0 = Release|Any CPU
		{40597849-E5DA-470C-9A9A-5CDD408CC676}.Debug|Any CPU.ActiveCfg = Debug|x86
		{40597849-E5DA-470C-9A9A-5CDD408CC676}.Debug|ARM.ActiveCfg = Debug|ARM
		{40597849-E5DA-470C-9A9A-5CDD408CC676}.Debug|ARM.Build.0 = Debug|ARM
		{40597849-E5DA-470C-9A9A-5CDD408CC676}.Debug|ARM.Deploy.0 = Debug|ARM
		{40597849-E5DA-470C-9A9A-5CDD408CC676}.Debug|iPhone.ActiveCfg = Debug|x86
		{40597849-E5DA-470C-9A9A-5CDD408CC676}.Debug|iPhoneSimulator.ActiveCfg = Debug|x86
		{40597849-E5DA-470C-9A9A-5CDD408CC676}.Debug|x64.ActiveCfg = Debug|x64
		{40597849-E5DA-470C-9A9A-5CDD408CC676}.Debug|x64.Build.0 = Debug|x64
		{40597849-E5DA-470C-9A9A-5CDD408CC676}.Debug|x64.Deploy.0 = Debug|x64
		{40597849-E5DA-470C-9A9A-5CDD408CC676}.Debug|x86.ActiveCfg = Debug|x86
		{40597849-E5DA-470C-9A9A-5CDD408CC676}.Debug|x86.Build.0 = Debug|x86
		{40597849-E5DA-470C-9A9A-5CDD408CC676}.Debug|x86.Deploy.0 = Debug|x86
		{40597849-E5DA-470C-9A9A-5CDD408CC676}.Release|Any CPU.ActiveCfg = Release|x86
		{40597849-E5DA-470C-9A9A-5CDD408CC676}.Release|ARM.ActiveCfg = Release|ARM
		{40597849-E5DA-470C-9A9A-5CDD408CC676}.Release|ARM.Build.0 = Release|ARM
		{40597849-E5DA-470C-9A9A-5CDD408CC676}.Release|ARM.Deploy.0 = Release|ARM
		{40597849-E5DA-470C-9A9A-5CDD408CC676}.Release|iPhone.ActiveCfg = Release|x86
		{40597849-E5DA-470C-9A9A-5CDD408CC676}.Release|iPhoneSimulator.ActiveCfg = Release|x86
		{40597849-E5DA-470C-9A9A-5CDD408CC676}.Release|x64.ActiveCfg = Release|x64
		{40597849-E5DA-470C-9A9A-5CDD408CC676}.Release|x64.Build.0 = Release|x64
		{40597849-E5DA-470C-9A9A-5CDD408CC676}.Release|x64.Deploy.0 = Release|x64
		{40597849-E5DA-470C-9A9A-5CDD408CC676}.Release|x86.ActiveCfg = Release|x86
		{40597849-E5DA-470C-9A9A-5CDD408CC676}.Release|x86.Build.0 = Release|x86
		{40597849-E5DA-470C-9A9A-5CDD408CC676}.Release|x86.Deploy.0 = Release|x86
		{98C15F08-9976-4B1E-A5F8-D6B5B86BAB4D}.Debug|Any CPU.ActiveCfg = Debug|Any CPU
		{98C15F08-9976-4B1E-A5F8-D6B5B86BAB4D}.Debug|Any CPU.Build.0 = Debug|Any CPU
		{98C15F08-9976-4B1E-A5F8-D6B5B86BAB4D}.Debug|Any CPU.Deploy.0 = Debug|Any CPU
		{98C15F08-9976-4B1E-A5F8-D6B5B86BAB4D}.Debug|ARM.ActiveCfg = Debug|Any CPU
		{98C15F08-9976-4B1E-A5F8-D6B5B86BAB4D}.Debug|ARM.Build.0 = Debug|Any CPU
		{98C15F08-9976-4B1E-A5F8-D6B5B86BAB4D}.Debug|ARM.Deploy.0 = Debug|Any CPU
		{98C15F08-9976-4B1E-A5F8-D6B5B86BAB4D}.Debug|iPhone.ActiveCfg = Debug|Any CPU
		{98C15F08-9976-4B1E-A5F8-D6B5B86BAB4D}.Debug|iPhone.Build.0 = Debug|Any CPU
		{98C15F08-9976-4B1E-A5F8-D6B5B86BAB4D}.Debug|iPhone.Deploy.0 = Debug|Any CPU
		{98C15F08-9976-4B1E-A5F8-D6B5B86BAB4D}.Debug|iPhoneSimulator.ActiveCfg = Debug|Any CPU
		{98C15F08-9976-4B1E-A5F8-D6B5B86BAB4D}.Debug|iPhoneSimulator.Build.0 = Debug|Any CPU
		{98C15F08-9976-4B1E-A5F8-D6B5B86BAB4D}.Debug|iPhoneSimulator.Deploy.0 = Debug|Any CPU
		{98C15F08-9976-4B1E-A5F8-D6B5B86BAB4D}.Debug|x64.ActiveCfg = Debug|Any CPU
		{98C15F08-9976-4B1E-A5F8-D6B5B86BAB4D}.Debug|x64.Build.0 = Debug|Any CPU
		{98C15F08-9976-4B1E-A5F8-D6B5B86BAB4D}.Debug|x64.Deploy.0 = Debug|Any CPU
		{98C15F08-9976-4B1E-A5F8-D6B5B86BAB4D}.Debug|x86.ActiveCfg = Debug|Any CPU
		{98C15F08-9976-4B1E-A5F8-D6B5B86BAB4D}.Debug|x86.Build.0 = Debug|Any CPU
		{98C15F08-9976-4B1E-A5F8-D6B5B86BAB4D}.Debug|x86.Deploy.0 = Debug|Any CPU
		{98C15F08-9976-4B1E-A5F8-D6B5B86BAB4D}.Release|Any CPU.ActiveCfg = Release|Any CPU
		{98C15F08-9976-4B1E-A5F8-D6B5B86BAB4D}.Release|Any CPU.Build.0 = Release|Any CPU
		{98C15F08-9976-4B1E-A5F8-D6B5B86BAB4D}.Release|Any CPU.Deploy.0 = Release|Any CPU
		{98C15F08-9976-4B1E-A5F8-D6B5B86BAB4D}.Release|ARM.ActiveCfg = Release|Any CPU
		{98C15F08-9976-4B1E-A5F8-D6B5B86BAB4D}.Release|ARM.Build.0 = Release|Any CPU
		{98C15F08-9976-4B1E-A5F8-D6B5B86BAB4D}.Release|ARM.Deploy.0 = Release|Any CPU
		{98C15F08-9976-4B1E-A5F8-D6B5B86BAB4D}.Release|iPhone.ActiveCfg = Release|Any CPU
		{98C15F08-9976-4B1E-A5F8-D6B5B86BAB4D}.Release|iPhone.Build.0 = Release|Any CPU
		{98C15F08-9976-4B1E-A5F8-D6B5B86BAB4D}.Release|iPhone.Deploy.0 = Release|Any CPU
		{98C15F08-9976-4B1E-A5F8-D6B5B86BAB4D}.Release|iPhoneSimulator.ActiveCfg = Release|Any CPU
		{98C15F08-9976-4B1E-A5F8-D6B5B86BAB4D}.Release|iPhoneSimulator.Build.0 = Release|Any CPU
		{98C15F08-9976-4B1E-A5F8-D6B5B86BAB4D}.Release|iPhoneSimulator.Deploy.0 = Release|Any CPU
		{98C15F08-9976-4B1E-A5F8-D6B5B86BAB4D}.Release|x64.ActiveCfg = Release|Any CPU
		{98C15F08-9976-4B1E-A5F8-D6B5B86BAB4D}.Release|x64.Build.0 = Release|Any CPU
		{98C15F08-9976-4B1E-A5F8-D6B5B86BAB4D}.Release|x64.Deploy.0 = Release|Any CPU
		{98C15F08-9976-4B1E-A5F8-D6B5B86BAB4D}.Release|x86.ActiveCfg = Release|Any CPU
		{98C15F08-9976-4B1E-A5F8-D6B5B86BAB4D}.Release|x86.Build.0 = Release|Any CPU
		{98C15F08-9976-4B1E-A5F8-D6B5B86BAB4D}.Release|x86.Deploy.0 = Release|Any CPU
		{71BB402D-BD3B-435E-81EB-C50FF7D73966}.Debug|Any CPU.ActiveCfg = Debug|iPhone
		{71BB402D-BD3B-435E-81EB-C50FF7D73966}.Debug|ARM.ActiveCfg = Debug|iPhone
		{71BB402D-BD3B-435E-81EB-C50FF7D73966}.Debug|iPhone.ActiveCfg = Debug|iPhone
		{71BB402D-BD3B-435E-81EB-C50FF7D73966}.Debug|iPhone.Build.0 = Debug|iPhone
		{71BB402D-BD3B-435E-81EB-C50FF7D73966}.Debug|iPhoneSimulator.ActiveCfg = Debug|iPhoneSimulator
		{71BB402D-BD3B-435E-81EB-C50FF7D73966}.Debug|iPhoneSimulator.Build.0 = Debug|iPhoneSimulator
		{71BB402D-BD3B-435E-81EB-C50FF7D73966}.Debug|x64.ActiveCfg = Debug|iPhone
		{71BB402D-BD3B-435E-81EB-C50FF7D73966}.Debug|x86.ActiveCfg = Debug|iPhone
		{71BB402D-BD3B-435E-81EB-C50FF7D73966}.Release|Any CPU.ActiveCfg = Release|iPhone
		{71BB402D-BD3B-435E-81EB-C50FF7D73966}.Release|ARM.ActiveCfg = Release|iPhone
		{71BB402D-BD3B-435E-81EB-C50FF7D73966}.Release|iPhone.ActiveCfg = Release|iPhone
		{71BB402D-BD3B-435E-81EB-C50FF7D73966}.Release|iPhone.Build.0 = Release|iPhone
		{71BB402D-BD3B-435E-81EB-C50FF7D73966}.Release|iPhoneSimulator.ActiveCfg = Release|iPhoneSimulator
		{71BB402D-BD3B-435E-81EB-C50FF7D73966}.Release|iPhoneSimulator.Build.0 = Release|iPhoneSimulator
		{71BB402D-BD3B-435E-81EB-C50FF7D73966}.Release|x64.ActiveCfg = Release|iPhone
		{71BB402D-BD3B-435E-81EB-C50FF7D73966}.Release|x86.ActiveCfg = Release|iPhone
		{BB9D7505-530D-4707-8EE5-D65C28B548F9}.Debug|Any CPU.ActiveCfg = Debug|Any CPU
		{BB9D7505-530D-4707-8EE5-D65C28B548F9}.Debug|Any CPU.Build.0 = Debug|Any CPU
		{BB9D7505-530D-4707-8EE5-D65C28B548F9}.Debug|ARM.ActiveCfg = Debug|Any CPU
		{BB9D7505-530D-4707-8EE5-D65C28B548F9}.Debug|ARM.Build.0 = Debug|Any CPU
		{BB9D7505-530D-4707-8EE5-D65C28B548F9}.Debug|iPhone.ActiveCfg = Debug|Any CPU
		{BB9D7505-530D-4707-8EE5-D65C28B548F9}.Debug|iPhone.Build.0 = Debug|Any CPU
		{BB9D7505-530D-4707-8EE5-D65C28B548F9}.Debug|iPhoneSimulator.ActiveCfg = Debug|Any CPU
		{BB9D7505-530D-4707-8EE5-D65C28B548F9}.Debug|iPhoneSimulator.Build.0 = Debug|Any CPU
		{BB9D7505-530D-4707-8EE5-D65C28B548F9}.Debug|x64.ActiveCfg = Debug|Any CPU
		{BB9D7505-530D-4707-8EE5-D65C28B548F9}.Debug|x64.Build.0 = Debug|Any CPU
		{BB9D7505-530D-4707-8EE5-D65C28B548F9}.Debug|x86.ActiveCfg = Debug|Any CPU
		{BB9D7505-530D-4707-8EE5-D65C28B548F9}.Debug|x86.Build.0 = Debug|Any CPU
		{BB9D7505-530D-4707-8EE5-D65C28B548F9}.Release|Any CPU.ActiveCfg = Release|Any CPU
		{BB9D7505-530D-4707-8EE5-D65C28B548F9}.Release|Any CPU.Build.0 = Release|Any CPU
		{BB9D7505-530D-4707-8EE5-D65C28B548F9}.Release|ARM.ActiveCfg = Release|Any CPU
		{BB9D7505-530D-4707-8EE5-D65C28B548F9}.Release|ARM.Build.0 = Release|Any CPU
		{BB9D7505-530D-4707-8EE5-D65C28B548F9}.Release|iPhone.ActiveCfg = Release|Any CPU
		{BB9D7505-530D-4707-8EE5-D65C28B548F9}.Release|iPhone.Build.0 = Release|Any CPU
		{BB9D7505-530D-4707-8EE5-D65C28B548F9}.Release|iPhoneSimulator.ActiveCfg = Release|Any CPU
		{BB9D7505-530D-4707-8EE5-D65C28B548F9}.Release|iPhoneSimulator.Build.0 = Release|Any CPU
		{BB9D7505-530D-4707-8EE5-D65C28B548F9}.Release|x64.ActiveCfg = Release|Any CPU
		{BB9D7505-530D-4707-8EE5-D65C28B548F9}.Release|x64.Build.0 = Release|Any CPU
		{BB9D7505-530D-4707-8EE5-D65C28B548F9}.Release|x86.ActiveCfg = Release|Any CPU
		{BB9D7505-530D-4707-8EE5-D65C28B548F9}.Release|x86.Build.0 = Release|Any CPU
		{DF37BC48-3A9F-4D90-BA38-70F8C22BCA7B}.Debug|Any CPU.ActiveCfg = Debug|Any CPU
		{DF37BC48-3A9F-4D90-BA38-70F8C22BCA7B}.Debug|Any CPU.Build.0 = Debug|Any CPU
		{DF37BC48-3A9F-4D90-BA38-70F8C22BCA7B}.Debug|ARM.ActiveCfg = Debug|ARM
		{DF37BC48-3A9F-4D90-BA38-70F8C22BCA7B}.Debug|ARM.Build.0 = Debug|ARM
		{DF37BC48-3A9F-4D90-BA38-70F8C22BCA7B}.Debug|iPhone.ActiveCfg = Debug|Any CPU
		{DF37BC48-3A9F-4D90-BA38-70F8C22BCA7B}.Debug|iPhone.Build.0 = Debug|Any CPU
		{DF37BC48-3A9F-4D90-BA38-70F8C22BCA7B}.Debug|iPhoneSimulator.ActiveCfg = Debug|Any CPU
		{DF37BC48-3A9F-4D90-BA38-70F8C22BCA7B}.Debug|iPhoneSimulator.Build.0 = Debug|Any CPU
		{DF37BC48-3A9F-4D90-BA38-70F8C22BCA7B}.Debug|x64.ActiveCfg = Debug|x64
		{DF37BC48-3A9F-4D90-BA38-70F8C22BCA7B}.Debug|x64.Build.0 = Debug|x64
		{DF37BC48-3A9F-4D90-BA38-70F8C22BCA7B}.Debug|x86.ActiveCfg = Debug|x86
		{DF37BC48-3A9F-4D90-BA38-70F8C22BCA7B}.Debug|x86.Build.0 = Debug|x86
		{DF37BC48-3A9F-4D90-BA38-70F8C22BCA7B}.Release|Any CPU.ActiveCfg = Release|Any CPU
		{DF37BC48-3A9F-4D90-BA38-70F8C22BCA7B}.Release|Any CPU.Build.0 = Release|Any CPU
		{DF37BC48-3A9F-4D90-BA38-70F8C22BCA7B}.Release|ARM.ActiveCfg = Release|ARM
		{DF37BC48-3A9F-4D90-BA38-70F8C22BCA7B}.Release|ARM.Build.0 = Release|ARM
		{DF37BC48-3A9F-4D90-BA38-70F8C22BCA7B}.Release|iPhone.ActiveCfg = Release|Any CPU
		{DF37BC48-3A9F-4D90-BA38-70F8C22BCA7B}.Release|iPhone.Build.0 = Release|Any CPU
		{DF37BC48-3A9F-4D90-BA38-70F8C22BCA7B}.Release|iPhoneSimulator.ActiveCfg = Release|Any CPU
		{DF37BC48-3A9F-4D90-BA38-70F8C22BCA7B}.Release|iPhoneSimulator.Build.0 = Release|Any CPU
		{DF37BC48-3A9F-4D90-BA38-70F8C22BCA7B}.Release|x64.ActiveCfg = Release|x64
		{DF37BC48-3A9F-4D90-BA38-70F8C22BCA7B}.Release|x64.Build.0 = Release|x64
		{DF37BC48-3A9F-4D90-BA38-70F8C22BCA7B}.Release|x86.ActiveCfg = Release|x86
		{DF37BC48-3A9F-4D90-BA38-70F8C22BCA7B}.Release|x86.Build.0 = Release|x86
		{64F4DC0C-2BFE-4C22-B9D1-B04566C2314C}.Debug|Any CPU.ActiveCfg = Debug|Any CPU
		{64F4DC0C-2BFE-4C22-B9D1-B04566C2314C}.Debug|Any CPU.Build.0 = Debug|Any CPU
		{64F4DC0C-2BFE-4C22-B9D1-B04566C2314C}.Debug|ARM.ActiveCfg = Debug|Any CPU
		{64F4DC0C-2BFE-4C22-B9D1-B04566C2314C}.Debug|ARM.Build.0 = Debug|Any CPU
		{64F4DC0C-2BFE-4C22-B9D1-B04566C2314C}.Debug|iPhone.ActiveCfg = Debug|Any CPU
		{64F4DC0C-2BFE-4C22-B9D1-B04566C2314C}.Debug|iPhone.Build.0 = Debug|Any CPU
		{64F4DC0C-2BFE-4C22-B9D1-B04566C2314C}.Debug|iPhoneSimulator.ActiveCfg = Debug|Any CPU
		{64F4DC0C-2BFE-4C22-B9D1-B04566C2314C}.Debug|iPhoneSimulator.Build.0 = Debug|Any CPU
		{64F4DC0C-2BFE-4C22-B9D1-B04566C2314C}.Debug|x64.ActiveCfg = Debug|Any CPU
		{64F4DC0C-2BFE-4C22-B9D1-B04566C2314C}.Debug|x64.Build.0 = Debug|Any CPU
		{64F4DC0C-2BFE-4C22-B9D1-B04566C2314C}.Debug|x86.ActiveCfg = Debug|Any CPU
		{64F4DC0C-2BFE-4C22-B9D1-B04566C2314C}.Debug|x86.Build.0 = Debug|Any CPU
		{64F4DC0C-2BFE-4C22-B9D1-B04566C2314C}.Release|Any CPU.ActiveCfg = Release|Any CPU
		{64F4DC0C-2BFE-4C22-B9D1-B04566C2314C}.Release|Any CPU.Build.0 = Release|Any CPU
		{64F4DC0C-2BFE-4C22-B9D1-B04566C2314C}.Release|ARM.ActiveCfg = Release|Any CPU
		{64F4DC0C-2BFE-4C22-B9D1-B04566C2314C}.Release|ARM.Build.0 = Release|Any CPU
		{64F4DC0C-2BFE-4C22-B9D1-B04566C2314C}.Release|iPhone.ActiveCfg = Release|Any CPU
		{64F4DC0C-2BFE-4C22-B9D1-B04566C2314C}.Release|iPhone.Build.0 = Release|Any CPU
		{64F4DC0C-2BFE-4C22-B9D1-B04566C2314C}.Release|iPhoneSimulator.ActiveCfg = Release|Any CPU
		{64F4DC0C-2BFE-4C22-B9D1-B04566C2314C}.Release|iPhoneSimulator.Build.0 = Release|Any CPU
		{64F4DC0C-2BFE-4C22-B9D1-B04566C2314C}.Release|x64.ActiveCfg = Release|Any CPU
		{64F4DC0C-2BFE-4C22-B9D1-B04566C2314C}.Release|x64.Build.0 = Release|Any CPU
		{64F4DC0C-2BFE-4C22-B9D1-B04566C2314C}.Release|x86.ActiveCfg = Release|Any CPU
		{64F4DC0C-2BFE-4C22-B9D1-B04566C2314C}.Release|x86.Build.0 = Release|Any CPU
		{191ABC81-B335-44D7-BE0D-3C5E9196FA8B}.Debug|Any CPU.ActiveCfg = Debug|Any CPU
		{191ABC81-B335-44D7-BE0D-3C5E9196FA8B}.Debug|Any CPU.Build.0 = Debug|Any CPU
		{191ABC81-B335-44D7-BE0D-3C5E9196FA8B}.Debug|ARM.ActiveCfg = Debug|Any CPU
		{191ABC81-B335-44D7-BE0D-3C5E9196FA8B}.Debug|ARM.Build.0 = Debug|Any CPU
		{191ABC81-B335-44D7-BE0D-3C5E9196FA8B}.Debug|iPhone.ActiveCfg = Debug|Any CPU
		{191ABC81-B335-44D7-BE0D-3C5E9196FA8B}.Debug|iPhone.Build.0 = Debug|Any CPU
		{191ABC81-B335-44D7-BE0D-3C5E9196FA8B}.Debug|iPhoneSimulator.ActiveCfg = Debug|Any CPU
		{191ABC81-B335-44D7-BE0D-3C5E9196FA8B}.Debug|iPhoneSimulator.Build.0 = Debug|Any CPU
		{191ABC81-B335-44D7-BE0D-3C5E9196FA8B}.Debug|x64.ActiveCfg = Debug|Any CPU
		{191ABC81-B335-44D7-BE0D-3C5E9196FA8B}.Debug|x64.Build.0 = Debug|Any CPU
		{191ABC81-B335-44D7-BE0D-3C5E9196FA8B}.Debug|x86.ActiveCfg = Debug|Any CPU
		{191ABC81-B335-44D7-BE0D-3C5E9196FA8B}.Debug|x86.Build.0 = Debug|Any CPU
		{191ABC81-B335-44D7-BE0D-3C5E9196FA8B}.Release|Any CPU.ActiveCfg = Release|Any CPU
		{191ABC81-B335-44D7-BE0D-3C5E9196FA8B}.Release|Any CPU.Build.0 = Release|Any CPU
		{191ABC81-B335-44D7-BE0D-3C5E9196FA8B}.Release|ARM.ActiveCfg = Release|Any CPU
		{191ABC81-B335-44D7-BE0D-3C5E9196FA8B}.Release|ARM.Build.0 = Release|Any CPU
		{191ABC81-B335-44D7-BE0D-3C5E9196FA8B}.Release|iPhone.ActiveCfg = Release|Any CPU
		{191ABC81-B335-44D7-BE0D-3C5E9196FA8B}.Release|iPhone.Build.0 = Release|Any CPU
		{191ABC81-B335-44D7-BE0D-3C5E9196FA8B}.Release|iPhoneSimulator.ActiveCfg = Release|Any CPU
		{191ABC81-B335-44D7-BE0D-3C5E9196FA8B}.Release|iPhoneSimulator.Build.0 = Release|Any CPU
		{191ABC81-B335-44D7-BE0D-3C5E9196FA8B}.Release|x64.ActiveCfg = Release|Any CPU
		{191ABC81-B335-44D7-BE0D-3C5E9196FA8B}.Release|x64.Build.0 = Release|Any CPU
		{191ABC81-B335-44D7-BE0D-3C5E9196FA8B}.Release|x86.ActiveCfg = Release|Any CPU
		{191ABC81-B335-44D7-BE0D-3C5E9196FA8B}.Release|x86.Build.0 = Release|Any CPU
		{F6DB1E45-3BCC-4B66-9990-187EF9E5104B}.Debug|Any CPU.ActiveCfg = Debug|Any CPU
		{F6DB1E45-3BCC-4B66-9990-187EF9E5104B}.Debug|Any CPU.Build.0 = Debug|Any CPU
		{F6DB1E45-3BCC-4B66-9990-187EF9E5104B}.Debug|ARM.ActiveCfg = Debug|Any CPU
		{F6DB1E45-3BCC-4B66-9990-187EF9E5104B}.Debug|ARM.Build.0 = Debug|Any CPU
		{F6DB1E45-3BCC-4B66-9990-187EF9E5104B}.Debug|iPhone.ActiveCfg = Debug|Any CPU
		{F6DB1E45-3BCC-4B66-9990-187EF9E5104B}.Debug|iPhone.Build.0 = Debug|Any CPU
		{F6DB1E45-3BCC-4B66-9990-187EF9E5104B}.Debug|iPhoneSimulator.ActiveCfg = Debug|Any CPU
		{F6DB1E45-3BCC-4B66-9990-187EF9E5104B}.Debug|iPhoneSimulator.Build.0 = Debug|Any CPU
		{F6DB1E45-3BCC-4B66-9990-187EF9E5104B}.Debug|x64.ActiveCfg = Debug|Any CPU
		{F6DB1E45-3BCC-4B66-9990-187EF9E5104B}.Debug|x64.Build.0 = Debug|Any CPU
		{F6DB1E45-3BCC-4B66-9990-187EF9E5104B}.Debug|x86.ActiveCfg = Debug|Any CPU
		{F6DB1E45-3BCC-4B66-9990-187EF9E5104B}.Debug|x86.Build.0 = Debug|Any CPU
		{F6DB1E45-3BCC-4B66-9990-187EF9E5104B}.Release|Any CPU.ActiveCfg = Release|Any CPU
		{F6DB1E45-3BCC-4B66-9990-187EF9E5104B}.Release|Any CPU.Build.0 = Release|Any CPU
		{F6DB1E45-3BCC-4B66-9990-187EF9E5104B}.Release|ARM.ActiveCfg = Release|Any CPU
		{F6DB1E45-3BCC-4B66-9990-187EF9E5104B}.Release|ARM.Build.0 = Release|Any CPU
		{F6DB1E45-3BCC-4B66-9990-187EF9E5104B}.Release|iPhone.ActiveCfg = Release|Any CPU
		{F6DB1E45-3BCC-4B66-9990-187EF9E5104B}.Release|iPhone.Build.0 = Release|Any CPU
		{F6DB1E45-3BCC-4B66-9990-187EF9E5104B}.Release|iPhoneSimulator.ActiveCfg = Release|Any CPU
		{F6DB1E45-3BCC-4B66-9990-187EF9E5104B}.Release|iPhoneSimulator.Build.0 = Release|Any CPU
		{F6DB1E45-3BCC-4B66-9990-187EF9E5104B}.Release|x64.ActiveCfg = Release|Any CPU
		{F6DB1E45-3BCC-4B66-9990-187EF9E5104B}.Release|x64.Build.0 = Release|Any CPU
		{F6DB1E45-3BCC-4B66-9990-187EF9E5104B}.Release|x86.ActiveCfg = Release|Any CPU
		{F6DB1E45-3BCC-4B66-9990-187EF9E5104B}.Release|x86.Build.0 = Release|Any CPU
	EndGlobalSection
	GlobalSection(SolutionProperties) = preSolution
		HideSolutionNode = FALSE
	EndGlobalSection
	GlobalSection(NestedProjects) = preSolution
		{698CCD8E-ADCC-4565-8517-5EDD36F07155} = {8B0A56F0-9461-4B5B-BAD8-FB2D19BF1EE3}
		{E6218B88-69F5-4E3F-9ABC-93AB82FD77AD} = {215581EE-098A-488B-91CE-980D94EED5A2}
		{7A0B35C0-DD17-4964-8E9A-44D6CECDC692} = {8B0A56F0-9461-4B5B-BAD8-FB2D19BF1EE3}
		{12737C3F-5770-403F-90A1-BC12EBD1BB31} = {8B0A56F0-9461-4B5B-BAD8-FB2D19BF1EE3}
		{4ED9A511-669D-47B1-97F5-4FCAFE8EB178} = {215581EE-098A-488B-91CE-980D94EED5A2}
		{8BC521AD-81CF-4E6C-8898-BE67527E7064} = {8B0A56F0-9461-4B5B-BAD8-FB2D19BF1EE3}
		{FF600107-3DEB-404F-8A37-F63473BDFCB8} = {215581EE-098A-488B-91CE-980D94EED5A2}
		{215581EE-098A-488B-91CE-980D94EED5A2} = {8B0A56F0-9461-4B5B-BAD8-FB2D19BF1EE3}
		{FACB89E5-53A5-4748-9F5B-E0714EBB37B2} = {215581EE-098A-488B-91CE-980D94EED5A2}
		{AF59603A-B247-4D27-AF1D-074B5CCE90E2} = {8B0A56F0-9461-4B5B-BAD8-FB2D19BF1EE3}
		{2EE2570B-4121-4B2A-B8D9-0BC200F345CF} = {8B0A56F0-9461-4B5B-BAD8-FB2D19BF1EE3}
		{4A470DCE-7FF9-4953-9ED6-21B904FEA053} = {94863464-69F1-4F1C-8E89-50F835FCE770}
		{94863464-69F1-4F1C-8E89-50F835FCE770} = {05EDF0CC-1A89-4C06-B6D2-DFDA07DF2C7B}
		{B262622A-7620-4DAD-A7E2-0CFA68DA5767} = {05EDF0CC-1A89-4C06-B6D2-DFDA07DF2C7B}
		{3296D69F-F4B7-44A5-AEB9-7A179E65F8DD} = {B262622A-7620-4DAD-A7E2-0CFA68DA5767}
		{60D23CA9-4AF6-4179-A3F5-6AEBC907337E} = {B262622A-7620-4DAD-A7E2-0CFA68DA5767}
		{40597849-E5DA-470C-9A9A-5CDD408CC676} = {3AC6B2FA-903E-4E87-8F49-741E84672D88}
		{98C15F08-9976-4B1E-A5F8-D6B5B86BAB4D} = {3AC6B2FA-903E-4E87-8F49-741E84672D88}
		{71BB402D-BD3B-435E-81EB-C50FF7D73966} = {3AC6B2FA-903E-4E87-8F49-741E84672D88}
		{BB9D7505-530D-4707-8EE5-D65C28B548F9} = {3AC6B2FA-903E-4E87-8F49-741E84672D88}
		{6F9FAC9C-73BE-4F3E-934F-0EC32AF19DF2} = {05EDF0CC-1A89-4C06-B6D2-DFDA07DF2C7B}
		{DF37BC48-3A9F-4D90-BA38-70F8C22BCA7B} = {6F9FAC9C-73BE-4F3E-934F-0EC32AF19DF2}
		{DB4EDF10-4EB3-4F37-8E78-C36F6273995B} = {05EDF0CC-1A89-4C06-B6D2-DFDA07DF2C7B}
		{64F4DC0C-2BFE-4C22-B9D1-B04566C2314C} = {DB4EDF10-4EB3-4F37-8E78-C36F6273995B}
		{191ABC81-B335-44D7-BE0D-3C5E9196FA8B} = {DB4EDF10-4EB3-4F37-8E78-C36F6273995B}
		{F6DB1E45-3BCC-4B66-9990-187EF9E5104B} = {6F9FAC9C-73BE-4F3E-934F-0EC32AF19DF2}
	EndGlobalSection
	GlobalSection(ExtensibilityGlobals) = postSolution
		SolutionGuid = {282C7D1F-6AA7-4D54-8C6C-C83C2927F9FE}
	EndGlobalSection
EndGlobal
